
Microsoft Visual Studio Solution File, Format Version 12.00
# Visual Studio Version 17
VisualStudioVersion = 17.5.33103.201
MinimumVisualStudioVersion = 10.0.40219.1
Project("{FAE04EC0-301F-11D3-BF4B-00C04F79EFBC}") = "Pulse Panel", "Pulse Panel.csproj", "{1A3D47D3-F04E-429F-99E3-AF6CCB56E2A3}"
EndProject
Project("{FAE04EC0-301F-11D3-BF4B-00C04F79EFBC}") = "PulsePanel.Core", "PulsePanel.Core\PulsePanel.Core.csproj", "{331BA292-CC06-4AD5-8409-E0F30A3795D4}"
EndProject
Global
	GlobalSection(SolutionConfigurationPlatforms) = preSolution
		Debug|ARM64 = Debug|ARM64
		Debug|x64 = Debug|x64
		Debug|x86 = Debug|x86
		Debug|Any CPU = Debug|Any CPU
		Release|ARM64 = Release|ARM64
		Release|x64 = Release|x64
		Release|x86 = Release|x86
		Release|Any CPU = Release|Any CPU
	EndGlobalSection
	GlobalSection(ProjectConfigurationPlatforms) = postSolution
		{1A3D47D3-F04E-429F-99E3-AF6CCB56E2A3}.Debug|ARM64.ActiveCfg = Debug|ARM64
		{1A3D47D3-F04E-429F-99E3-AF6CCB56E2A3}.Debug|ARM64.Build.0 = Debug|ARM64
		{1A3D47D3-F04E-429F-99E3-AF6CCB56E2A3}.Debug|ARM64.Deploy.0 = Debug|ARM64
		{1A3D47D3-F04E-429F-99E3-AF6CCB56E2A3}.Debug|x64.ActiveCfg = Debug|x64
		{1A3D47D3-F04E-429F-99E3-AF6CCB56E2A3}.Debug|x64.Build.0 = Debug|x64
		{1A3D47D3-F04E-429F-99E3-AF6CCB56E2A3}.Debug|x64.Deploy.0 = Debug|x64
		{1A3D47D3-F04E-429F-99E3-AF6CCB56E2A3}.Debug|x86.ActiveCfg = Debug|x86
		{1A3D47D3-F04E-429F-99E3-AF6CCB56E2A3}.Debug|x86.Build.0 = Debug|x86
		{1A3D47D3-F04E-429F-99E3-AF6CCB56E2A3}.Debug|x86.Deploy.0 = Debug|x86
		{1A3D47D3-F04E-429F-99E3-AF6CCB56E2A3}.Debug|Any CPU.ActiveCfg = Debug|Any CPU
		{1A3D47D3-F04E-429F-99E3-AF6CCB56E2A3}.Debug|Any CPU.Build.0 = Debug|Any CPU
		{1A3D47D3-F04E-429F-99E3-AF6CCB56E2A3}.Release|ARM64.ActiveCfg = Release|ARM64
		{1A3D47D3-F04E-429F-99E3-AF6CCB56E2A3}.Release|ARM64.Build.0 = Release|ARM64
		{1A3D47D3-F04E-429F-99E3-AF6CCB56E2A3}.Release|ARM64.Deploy.0 = Release|ARM64
		{1A3D47D3-F04E-429F-99E3-AF6CCB56E2A3}.Release|x64.ActiveCfg = Release|x64
		{1A3D47D3-F04E-429F-99E3-AF6CCB56E2A3}.Release|x64.Build.0 = Release|x64
		{1A3D47D3-F04E-429F-99E3-AF6CCB56E2A3}.Release|x64.Deploy.0 = Release|x64
		{1A3D47D3-F04E-429F-99E3-AF6CCB56E2A3}.Release|x86.ActiveCfg = Release|x86
		{1A3D47D3-F04E-429F-99E3-AF6CCB56E2A3}.Release|x86.Build.0 = Release|x86
		{1A3D47D3-F04E-429F-99E3-AF6CCB56E2A3}.Release|x86.Deploy.0 = Release|x86
		{1A3D47D3-F04E-429F-99E3-AF6CCB56E2A3}.Release|Any CPU.ActiveCfg = Release|Any CPU
		{1A3D47D3-F04E-429F-99E3-AF6CCB56E2A3}.Release|Any CPU.Build.0 = Release|Any CPU
		{331BA292-CC06-4AD5-8409-E0F30A3795D4}.Debug|ARM64.ActiveCfg = Debug|Any CPU
		{331BA292-CC06-4AD5-8409-E0F30A3795D4}.Debug|ARM64.Build.0 = Debug|Any CPU
		{331BA292-CC06-4AD5-8409-E0F30A3795D4}.Debug|x64.ActiveCfg = Debug|Any CPU
		{331BA292-CC06-4AD5-8409-E0F30A3795D4}.Debug|x64.Build.0 = Debug|Any CPU
		{331BA292-CC06-4AD5-8409-E0F30A3795D4}.Debug|x86.ActiveCfg = Debug|Any CPU
		{331BA292-CC06-4AD5-8409-E0F30A3795D4}.Debug|x86.Build.0 = Debug|Any CPU
		{331BA292-CC06-4AD5-8409-E0F30A3795D4}.Debug|Any CPU.ActiveCfg = Debug|Any CPU
		{331BA292-CC06-4AD5-8409-E0F30A3795D4}.Debug|Any CPU.Build.0 = Debug|Any CPU
		{331BA292-CC06-4AD5-8409-E0F30A3795D4}.Release|ARM64.ActiveCfg = Release|Any CPU
		{331BA292-CC06-4AD5-8409-E0F30A3795D4}.Release|ARM64.Build.0 = Release|Any CPU
		{331BA292-CC06-4AD5-8409-E0F30A3795D4}.Release|x64.ActiveCfg = Release|Any CPU
		{331BA292-CC06-4AD5-8409-E0F30A3795D4}.Release|x64.Build.0 = Release|Any CPU
		{331BA292-CC06-4AD5-8409-E0F30A3795D4}.Release|x86.ActiveCfg = Release|Any CPU
		{331BA292-CC06-4AD5-8409-E0F30A3795D4}.Release|x86.Build.0 = Release|Any CPU
		{331BA292-CC06-4AD5-8409-E0F30A3795D4}.Release|Any CPU.ActiveCfg = Release|Any CPU
		{331BA292-CC06-4AD5-8409-E0F30A3795D4}.Release|Any CPU.Build.0 = Release|Any CPU
	EndGlobalSection
	GlobalSection(SolutionProperties) = preSolution
		HideSolutionNode = FALSE
	EndGlobalSection
	GlobalSection(ExtensibilityGlobals) = postSolution
		SolutionGuid = {57FB5A41-BD0D-4216-A7E6-D72ED543032B}
	EndGlobalSection
EndGlobal
