Microsoft Visual Studio Solution File, Format Version 12.00
# Visual Studio Version 17
VisualStudioVersion = 17.0.31903.59
MinimumVisualStudioVersion = 10.0.40219.1
Project("{FAE04EC0-301F-11D3-BF4B-00C04F79EFBC}") = "PulsePanel", "PulsePanel\PulsePanel.csproj", "{5B8B8CE7-8C7B-491E-9FB2-62B0FE80EE1B}"
EndProject
Project("{FAE04EC0-301F-11D3-BF4B-00C04F79EFBC}") = "PulsePanel.Core", "PulsePanel.Core\PulsePanel.Core.csproj", "{93EF9611-EF2B-4187-8F8C-B8343EB40F06}"
EndProject
Global
	GlobalSection(SolutionConfigurationPlatforms) = preSolution
		Debug|Any CPU = Debug|Any CPU
		Release|Any CPU = Release|Any CPU
	EndGlobalSection
	GlobalSection(ProjectConfigurationPlatforms) = postSolution
		{5B8B8CE7-8C7B-491E-9FB2-62B0FE80EE1B}.Debug|Any CPU.ActiveCfg = Debug|Any CPU
		{5B8B8CE7-8C7B-491E-9FB2-62B0FE80EE1B}.Debug|Any CPU.Build.0 = Debug|Any CPU
		{5B8B8CE7-8C7B-491E-9FB2-62B0FE80EE1B}.Release|Any CPU.ActiveCfg = Release|Any CPU
		{5B8B8CE7-8C7B-491E-9FB2-62B0FE80EE1B}.Release|Any CPU.Build.0 = Release|Any CPU
		{93EF9611-EF2B-4187-8F8C-B8343EB40F06}.Debug|Any CPU.ActiveCfg = Debug|Any CPU
		{93EF9611-EF2B-4187-8F8C-B8343EB40F06}.Debug|Any CPU.Build.0 = Debug|Any CPU
		{93EF9611-EF2B-4187-8F8C-B8343EB40F06}.Release|Any CPU.ActiveCfg = Release|Any CPU
		{93EF9611-EF2B-4187-8F8C-B8343EB40F06}.Release|Any CPU.Build.0 = Release|Any CPU
	EndGlobalSection
	GlobalSection(SolutionProperties) = preSolution
		HideSolutionNode = FALSE
	EndGlobalSection
EndGlobal
