
Microsoft Visual Studio Solution File, Format Version 12.00
# Visual Studio Version 17
VisualStudioVersion = 17.0.31903.59
MinimumVisualStudioVersion = 10.0.40219.1
Project("{2150E333-8FDC-42A3-9474-1A3956D46DE8}") = "src", "src", "{EC151267-6FF4-447B-A249-0DB9899131BE}"
EndProject
Project("{FAE04EC0-301F-11D3-BF4B-00C04F79EFBC}") = "PulsePanel.Cli", "src\PulsePanel.Cli\PulsePanel.Cli.csproj", "{B2C3D4E5-F6A1-4B3C-8D7E-2F3A4B5C6D1E}"
EndProject
Project("{FAE04EC0-301F-11D3-BF4B-00C04F79EFBC}") = "PulsePanel.Tests", "src\PulsePanel.Tests\PulsePanel.Tests.csproj", "{DFA3BC6D-1031-7BBF-B074-BDAE150A8496}"
EndProject
Project("{FAE04EC0-301F-11D3-BF4B-00C04F79EFBC}") = "PulsePanel.Core", "src\PulsePanel.Core\PulsePanel.Core.csproj", "{BF8453F1-DD5A-4C43-9344-024C06F4256A}"
EndProject
Project("{FAE04EC0-301F-11D3-BF4B-00C04F79EFBC}") = "PulsePanel.App", "src\PulsePanel.App\PulsePanel.App.csproj", "{F445DF13-A81C-484B-88A1-D84C989802E2}"
EndProject
Global
	GlobalSection(SolutionConfigurationPlatforms) = preSolution
		Debug|Any CPU = Debug|Any CPU
		Debug|x64 = Debug|x64
		Debug|x86 = Debug|x86
		Release|Any CPU = Release|Any CPU
		Release|x64 = Release|x64
		Release|x86 = Release|x86
	EndGlobalSection
	GlobalSection(ProjectConfigurationPlatforms) = postSolution
		{B2C3D4E5-F6A1-4B3C-8D7E-2F3A4B5C6D1E}.Debug|Any CPU.ActiveCfg = Debug|Any CPU
		{B2C3D4E5-F6A1-4B3C-8D7E-2F3A4B5C6D1E}.Debug|Any CPU.Build.0 = Debug|Any CPU
		{B2C3D4E5-F6A1-4B3C-8D7E-2F3A4B5C6D1E}.Debug|x64.ActiveCfg = Debug|Any CPU
		{B2C3D4E5-F6A1-4B3C-8D7E-2F3A4B5C6D1E}.Debug|x64.Build.0 = Debug|Any CPU
		{B2C3D4E5-F6A1-4B3C-8D7E-2F3A4B5C6D1E}.Debug|x86.ActiveCfg = Debug|Any CPU
		{B2C3D4E5-F6A1-4B3C-8D7E-2F3A4B5C6D1E}.Debug|x86.Build.0 = Debug|Any CPU
		{B2C3D4E5-F6A1-4B3C-8D7E-2F3A4B5C6D1E}.Release|Any CPU.ActiveCfg = Release|Any CPU
		{B2C3D4E5-F6A1-4B3C-8D7E-2F3A4B5C6D1E}.Release|Any CPU.Build.0 = Release|Any CPU
		{B2C3D4E5-F6A1-4B3C-8D7E-2F3A4B5C6D1E}.Release|x64.ActiveCfg = Release|Any CPU
		{B2C3D4E5-F6A1-4B3C-8D7E-2F3A4B5C6D1E}.Release|x64.Build.0 = Release|Any CPU
		{B2C3D4E5-F6A1-4B3C-8D7E-2F3A4B5C6D1E}.Release|x86.ActiveCfg = Release|Any CPU
		{B2C3D4E5-F6A1-4B3C-8D7E-2F3A4B5C6D1E}.Release|x86.Build.0 = Release|Any CPU
		{DFA3BC6D-1031-7BBF-B074-BDAE150A8496}.Debug|Any CPU.ActiveCfg = Debug|Any CPU
		{DFA3BC6D-1031-7BBF-B074-BDAE150A8496}.Debug|Any CPU.Build.0 = Debug|Any CPU
		{DFA3BC6D-1031-7BBF-B074-BDAE150A8496}.Debug|x64.ActiveCfg = Debug|Any CPU
		{DFA3BC6D-1031-7BBF-B074-BDAE150A8496}.Debug|x64.Build.0 = Debug|Any CPU
		{DFA3BC6D-1031-7BBF-B074-BDAE150A8496}.Debug|x86.ActiveCfg = Debug|Any CPU
		{DFA3BC6D-1031-7BBF-B074-BDAE150A8496}.Debug|x86.Build.0 = Debug|Any CPU
		{DFA3BC6D-1031-7BBF-B074-BDAE150A8496}.Release|Any CPU.ActiveCfg = Release|Any CPU
		{DFA3BC6D-1031-7BBF-B074-BDAE150A8496}.Release|Any CPU.Build.0 = Release|Any CPU
		{DFA3BC6D-1031-7BBF-B074-BDAE150A8496}.Release|x64.ActiveCfg = Release|Any CPU
		{DFA3BC6D-1031-7BBF-B074-BDAE150A8496}.Release|x64.Build.0 = Release|Any CPU
		{DFA3BC6D-1031-7BBF-B074-BDAE150A8496}.Release|x86.ActiveCfg = Release|Any CPU
		{DFA3BC6D-1031-7BBF-B074-BDAE150A8496}.Release|x86.Build.0 = Release|Any CPU
		{BF8453F1-DD5A-4C43-9344-024C06F4256A}.Debug|Any CPU.ActiveCfg = Debug|Any CPU
		{BF8453F1-DD5A-4C43-9344-024C06F4256A}.Debug|Any CPU.Build.0 = Debug|Any CPU
		{BF8453F1-DD5A-4C43-9344-024C06F4256A}.Debug|x64.ActiveCfg = Debug|Any CPU
		{BF8453F1-DD5A-4C43-9344-024C06F4256A}.Debug|x64.Build.0 = Debug|Any CPU
		{BF8453F1-DD5A-4C43-9344-024C06F4256A}.Debug|x86.ActiveCfg = Debug|Any CPU
		{BF8453F1-DD5A-4C43-9344-024C06F4256A}.Debug|x86.Build.0 = Debug|Any CPU
		{BF8453F1-DD5A-4C43-9344-024C06F4256A}.Release|Any CPU.ActiveCfg = Release|Any CPU
		{BF8453F1-DD5A-4C43-9344-024C06F4256A}.Release|Any CPU.Build.0 = Release|Any CPU
		{BF8453F1-DD5A-4C43-9344-024C06F4256A}.Release|x64.ActiveCfg = Release|Any CPU
		{BF8453F1-DD5A-4C43-9344-024C06F4256A}.Release|x64.Build.0 = Release|Any CPU
		{BF8453F1-DD5A-4C43-9344-024C06F4256A}.Release|x86.ActiveCfg = Release|Any CPU
		{BF8453F1-DD5A-4C43-9344-024C06F4256A}.Release|x86.Build.0 = Release|Any CPU
		{F445DF13-A81C-484B-88A1-D84C989802E2}.Debug|Any CPU.ActiveCfg = Debug|Any CPU
		{F445DF13-A81C-484B-88A1-D84C989802E2}.Debug|Any CPU.Build.0 = Debug|Any CPU
		{F445DF13-A81C-484B-88A1-D84C989802E2}.Debug|x64.ActiveCfg = Debug|Any CPU
		{F445DF13-A81C-484B-88A1-D84C989802E2}.Debug|x64.Build.0 = Debug|Any CPU
		{F445DF13-A81C-484B-88A1-D84C989802E2}.Debug|x86.ActiveCfg = Debug|Any CPU
		{F445DF13-A81C-484B-88A1-D84C989802E2}.Debug|x86.Build.0 = Debug|Any CPU
		{F445DF13-A81C-484B-88A1-D84C989802E2}.Release|Any CPU.ActiveCfg = Release|Any CPU
		{F445DF13-A81C-484B-88A1-D84C989802E2}.Release|Any CPU.Build.0 = Release|Any CPU
		{F445DF13-A81C-484B-88A1-D84C989802E2}.Release|x64.ActiveCfg = Release|Any CPU
		{F445DF13-A81C-484B-88A1-D84C989802E2}.Release|x64.Build.0 = Release|Any CPU
		{F445DF13-A81C-484B-88A1-D84C989802E2}.Release|x86.ActiveCfg = Release|Any CPU
		{F445DF13-A81C-484B-88A1-D84C989802E2}.Release|x86.Build.0 = Release|Any CPU
	EndGlobalSection
	GlobalSection(SolutionProperties) = preSolution
		HideSolutionNode = FALSE
	EndGlobalSection
	GlobalSection(NestedProjects) = preSolution
		{B2C3D4E5-F6A1-4B3C-8D7E-2F3A4B5C6D1E} = {EC151267-6FF4-447B-A249-0DB9899131BE}
		{BF8453F1-DD5A-4C43-9344-024C06F4256A} = {EC151267-6FF4-447B-A249-0DB9899131BE}
		{F445DF13-A81C-484B-88A1-D84C989802E2} = {EC151267-6FF4-447B-A249-0DB9899131BE}
	EndGlobalSection
EndGlobal
